
Microsoft Visual Studio Solution File, Format Version 12.00
# Visual Studio Version 17
VisualStudioVersion = 17.4.33213.308
MinimumVisualStudioVersion = 10.0.40219.1
Project("{FAE04EC0-301F-11D3-BF4B-00C04F79EFBC}") = "Test", "Matematika\Test.csproj", "{6C6D371E-E968-4111-9699-A9544B611BD7}"
EndProject
Project("{FAE04EC0-301F-11D3-BF4B-00C04F79EFBC}") = "Mat", "Mat\Mat.csproj", "{38E6176D-CD87-4D1F-A885-C062B8C111D5}"
EndProject
Global
	GlobalSection(SolutionConfigurationPlatforms) = preSolution
		Debug|Any CPU = Debug|Any CPU
		Release|Any CPU = Release|Any CPU
	EndGlobalSection
	GlobalSection(ProjectConfigurationPlatforms) = postSolution
		{6C6D371E-E968-4111-9699-A9544B611BD7}.Debug|Any CPU.ActiveCfg = Debug|Any CPU
		{6C6D371E-E968-4111-9699-A9544B611BD7}.Debug|Any CPU.Build.0 = Debug|Any CPU
		{6C6D371E-E968-4111-9699-A9544B611BD7}.Release|Any CPU.ActiveCfg = Release|Any CPU
		{6C6D371E-E968-4111-9699-A9544B611BD7}.Release|Any CPU.Build.0 = Release|Any CPU
		{38E6176D-CD87-4D1F-A885-C062B8C111D5}.Debug|Any CPU.ActiveCfg = Debug|Any CPU
		{38E6176D-CD87-4D1F-A885-C062B8C111D5}.Debug|Any CPU.Build.0 = Debug|Any CPU
		{38E6176D-CD87-4D1F-A885-C062B8C111D5}.Release|Any CPU.ActiveCfg = Release|Any CPU
		{38E6176D-CD87-4D1F-A885-C062B8C111D5}.Release|Any CPU.Build.0 = Release|Any CPU
	EndGlobalSection
	GlobalSection(SolutionProperties) = preSolution
		HideSolutionNode = FALSE
	EndGlobalSection
	GlobalSection(ExtensibilityGlobals) = postSolution
		SolutionGuid = {CC1EC98F-066B-499A-BB16-77538848100E}
	EndGlobalSection
EndGlobal
